{
  "version": 4,
  "terraform_version": "1.11.4",
  "serial": 40,
  "lineage": "b9106c44-ca1e-7450-8ab2-6a5bf7314e5f",
  "outputs": {},
  "resources": [
    {
      "mode": "managed",
      "type": "local_file",
      "name": "foo",
      "provider": "provider[\"registry.terraform.io/hashicorp/local\"]",
      "instances": [
        {
          "schema_version": 0,
          "attributes": {
            "content": "foo!",
            "content_base64": null,
            "content_base64sha256": "wOCqrqBQvPO+JsDCPVj6iQwN+3nIojAWtKhs0oym6nE=",
            "content_base64sha512": "TSCmPxazw2YStHurNILfRykjK/J4evgArH/2KnQuzQZodz4cq1f/ig2GeQO7mBI+Qx5jkTQEZxLCGs3mPtsB3Q==",
            "content_md5": "35af8b7a9490467f75f19c1e5459f7e7",
            "content_sha1": "4bf3e335199107182c6f7638efaad377acc7f452",
            "content_sha256": "c0e0aaaea050bcf3be26c0c23d58fa890c0dfb79c8a23016b4a86cd28ca6ea71",
            "content_sha512": "4d20a63f16b3c36612b47bab3482df4729232bf2787af800ac7ff62a742ecd0668773e1cab57ff8a0d867903bb98123e431e639134046712c21acde63edb01dd",
            "directory_permission": "0777",
            "file_permission": "0777",
            "filename": "./foo.bar",
            "id": "4bf3e335199107182c6f7638efaad377acc7f452",
            "sensitive_content": null,
            "source": null
          },
          "sensitive_attributes": [
            [
              {
                "type": "get_attr",
                "value": "sensitive_content"
              }
            ]
          ]
        }
      ]
    },
    {
      "mode": "managed",
      "type": "local_file",
      "name": "foo1",
      "provider": "provider[\"registry.terraform.io/hashicorp/local\"]",
      "instances": [
        {
          "index_key": "0",
          "schema_version": 0,
          "attributes": {
            "content": "# Some content for file 0",
            "content_base64": null,
            "content_base64sha256": "vYstcf1/jPw8SAC1X+YX7Dewzlvwea1G1fT6N1jE2fs=",
            "content_base64sha512": "sYCMfaaVyG+rkZnm9i4jzc0U5AoejAoDrdiHshljOSgJUd4jUqG882Ji0hMKyh9r4Jr+cLsz0hrPn+m26j9UAw==",
            "content_md5": "eb671a7fe165e1e4b851d2f1f2603b0e",
            "content_sha1": "249fe5aee40516c5c569232c691c2ef2977dfc8c",
            "content_sha256": "bd8b2d71fd7f8cfc3c4800b55fe617ec37b0ce5bf079ad46d5f4fa3758c4d9fb",
            "content_sha512": "b1808c7da695c86fab9199e6f62e23cdcd14e40a1e8c0a03add887b2196339280951de2352a1bcf36262d2130aca1f6be09afe70bb33d21acf9fe9b6ea3f5403",
            "directory_permission": "0777",
            "file_permission": "0777",
            "filename": "file0.txt",
            "id": "249fe5aee40516c5c569232c691c2ef2977dfc8c",
            "sensitive_content": null,
            "source": null
          },
          "sensitive_attributes": [
            [
              {
                "type": "get_attr",
                "value": "sensitive_content"
              }
            ]
          ]
        },
        {
          "index_key": "2",
          "schema_version": 0,
          "attributes": {
            "content": "# Some content for file 2",
            "content_base64": null,
            "content_base64sha256": "8lrN7WMls+8kKgUQBxYcYpPofrZuKb/3eKeQIlY/F3w=",
            "content_base64sha512": "4z5W+8he7Mk+6aSS8qfkT0ay5uD7L3kE9XLJjTaxCalArMzcZHbiD8OmL+TrcsNbxxEyuVpDDnvUwjaUKq9mKg==",
            "content_md5": "2f28581b0d2932da58486616907a1169",
            "content_sha1": "5d4b9c11def79551cec41f2b82305f7ccdd37872",
            "content_sha256": "f25acded6325b3ef242a051007161c6293e87eb66e29bff778a79022563f177c",
            "content_sha512": "e33e56fbc85eecc93ee9a492f2a7e44f46b2e6e0fb2f7904f572c98d36b109a940acccdc6476e20fc3a62fe4eb72c35bc71132b95a430e7bd4c236942aaf662a",
            "directory_permission": "0777",
            "file_permission": "0777",
            "filename": "file2txt",
            "id": "5d4b9c11def79551cec41f2b82305f7ccdd37872",
            "sensitive_content": null,
            "source": null
          },
          "sensitive_attributes": [
            [
              {
                "type": "get_attr",
                "value": "sensitive_content"
              }
            ]
          ]
        },
        {
          "index_key": "3",
          "schema_version": 0,
          "attributes": {
            "content": "# Some content for file 3",
            "content_base64": null,
            "content_base64sha256": "3erd487cX00Z/S/yE/xv6zxgbb6WT47KLTEqhZ8MDAg=",
            "content_base64sha512": "BXcpSr0XBUCnC0V2Q/4OLMYfdQ/ONoMmhwYJqQ/qL0H6RdGgMMUuq7kD76WmPm6Y4fYp8BpGDzX7xjPPuYscVA==",
            "content_md5": "12f36a4f9af1dac375cec5eb66f7aff5",
            "content_sha1": "4094d4c0a6e7a8116b3fdd955ac6fe394f5451f9",
            "content_sha256": "ddeadde3cedc5f4d19fd2ff213fc6feb3c606dbe964f8eca2d312a859f0c0c08",
            "content_sha512": "0577294abd170540a70b457643fe0e2cc61f750fce368326870609a90fea2f41fa45d1a030c52eabb903efa5a63e6e98e1f629f01a460f35fbc633cfb98b1c54",
            "directory_permission": "0777",
            "file_permission": "0777",
            "filename": "file3.txt",
            "id": "4094d4c0a6e7a8116b3fdd955ac6fe394f5451f9",
            "sensitive_content": null,
            "source": null
          },
          "sensitive_attributes": [
            [
              {
                "type": "get_attr",
                "value": "sensitive_content"
              }
            ]
          ]
        },
        {
          "index_key": "4",
          "schema_version": 0,
          "attributes": {
            "content": "# Some content for file 4",
            "content_base64": null,
            "content_base64sha256": "RT8TRkriy4Kr8bLx6p5CBpNwEwEbg7kErLJ+EkOF9uU=",
            "content_base64sha512": "8CQEXNiemnWeoslkYrjO5JtuQb2xOjNvF6vgzDqp/dB/qbckkdSuKagA6RXfEJ2FUEEXFwhxgo7Nf8FKdaX9xA==",
            "content_md5": "2e5eb0c237521a8825e0436fa51216b0",
            "content_sha1": "6b82f1f329e5eeea23b34725c32d1488c4a56816",
            "content_sha256": "453f13464ae2cb82abf1b2f1ea9e4206937013011b83b904acb27e124385f6e5",
            "content_sha512": "f024045cd89e9a759ea2c96462b8cee49b6e41bdb13a336f17abe0cc3aa9fdd07fa9b72491d4ae29a800e915df109d85504117170871828ecd7fc14a75a5fdc4",
            "directory_permission": "0777",
            "file_permission": "0777",
            "filename": "file4.txt",
            "id": "6b82f1f329e5eeea23b34725c32d1488c4a56816",
            "sensitive_content": null,
            "source": null
          },
          "sensitive_attributes": [
            [
              {
                "type": "get_attr",
                "value": "sensitive_content"
              }
            ]
          ]
        }
      ]
    }
  ],
  "check_results": null
}
